{
  "requires": true,
  "lockfileVersion": 1,
  "dependencies": {
    "dotenv": {
      "version": "8.2.0",
      "resolved": "https://registry.npmjs.org/dotenv/-/dotenv-8.2.0.tgz",
      "integrity": "sha512-8sJ78ElpbDJBHNeBzUbUVLsqKdccaa/BXF1uPTw3GrvQTBgrQrtObr2mUrE38vzYd8cEv+m/JBfDLioYcfXoaw=="
    },
    "nanoid": {
      "version": "2.1.6",
      "resolved": "https://registry.npmjs.org/nanoid/-/nanoid-2.1.6.tgz",
      "integrity": "sha512-2NDzpiuEy3+H0AVtdt8LoFi7PnqkOnIzYmJQp7xsEU6VexLluHQwKREuiz57XaQC5006seIadPrIZJhyS2n7aw=="
    }
  }
}
